{
  "pins" : [
    {
      "identity" : "swift-errno",
      "kind" : "remoteSourceControl",
      "location" : "https://github.com/p-x9/swift-errno.git",
      "state" : {
        "revision" : "83f3fbb0e02a3cbaa3989690ff2c2b3b88600a0b",
        "version" : "0.2.0"
      }
    }
  ],
  "version" : 2
}
